
Microsoft Visual Studio Solution File, Format Version 12.00
# Visual Studio Version 17
VisualStudioVersion = 17.9.34728.123
MinimumVisualStudioVersion = 10.0.40219.1
Project("{2150E333-8FDC-42A3-9474-1A3956D46DE8}") = "src", "src", "{5C65571C-5FDC-44B6-9389-D7D7582B9230}"
EndProject
Project("{2150E333-8FDC-42A3-9474-1A3956D46DE8}") = "tests", "tests", "{B928B8C0-A689-482C-8A16-2757508D0FB1}"
EndProject
Project("{9A19103F-16F7-4668-BE54-9A1E7A4F7556}") = "Registry.WebApi", "src\Registry.Api\Registry.WebApi.csproj", "{662D4615-D144-46E4-A2A8-8BD5E7B3A64E}"
EndProject
Project("{9A19103F-16F7-4668-BE54-9A1E7A4F7556}") = "Registry.Infrastructure", "src\Registry.Infrastructure\Registry.Infrastructure.csproj", "{695FFC34-94CB-4E52-9DFE-D8E8C1AD2BC9}"
EndProject
Project("{9A19103F-16F7-4668-BE54-9A1E7A4F7556}") = "Registry.Domain", "src\Registry.Domain\Registry.Domain.csproj", "{3448C9AA-E9AE-42F3-B1AC-50A4EFD05804}"
EndProject
Project("{9A19103F-16F7-4668-BE54-9A1E7A4F7556}") = "Registry.Application", "src\Registry.Application\Registry.Application.csproj", "{DD42526C-1A6B-4881-8094-BFBB8CE98EDC}"
EndProject
Project("{9A19103F-16F7-4668-BE54-9A1E7A4F7556}") = "Registry.AzureFuctions", "src\Registry.AzureFuctions\Registry.AzureFuctions.csproj", "{ED0EB905-3FA9-4506-B6F1-57790F7054B5}"
EndProject
Project("{2150E333-8FDC-42A3-9474-1A3956D46DE8}") = "Solution Items", "Solution Items", "{269D9D8B-253F-4AFF-8023-E9C7016343F2}"
	ProjectSection(SolutionItems) = preProject
		.editorconfig = .editorconfig
	EndProjectSection
EndProject
Project("{9A19103F-16F7-4668-BE54-9A1E7A4F7556}") = "Registry.WebApi.Tests", "tests\Registry.WebApi.Tests\Registry.WebApi.Tests.csproj", "{AC2F39A6-3D55-4B13-BCEA-875213DF6A5B}"
EndProject
Project("{9A19103F-16F7-4668-BE54-9A1E7A4F7556}") = "Registry.Application.Tests", "tests\Registry.Application.Tests\Registry.Application.Tests.csproj", "{9970EE01-9644-422B-9FF9-FF7A32E75EED}"
EndProject
Project("{9A19103F-16F7-4668-BE54-9A1E7A4F7556}") = "Registry.Infrastructure.Tests", "tests\Registry.Infrastructure.Tests\Registry.Infrastructure.Tests.csproj", "{00A98D6B-D0A8-4661-A402-9567C7C06F7B}"
EndProject
Project("{9A19103F-16F7-4668-BE54-9A1E7A4F7556}") = "Registry.AzureFuctions.Tests", "tests\Registry.AzureFuctions.Tests\Registry.AzureFuctions.Tests.csproj", "{8E9F0169-FEC7-4EB4-9DDB-3808AA740301}"
EndProject
Project("{00D1A9C2-B5F0-4AF3-8072-F6C62B433612}") = "Registry.Sql.Database", "src\Registry.Sql.Database\Registry.Sql.Database.sqlproj", "{0CCCC23D-2522-4A40-8E2C-E837461A9BCB}"
EndProject
Global
	GlobalSection(SolutionConfigurationPlatforms) = preSolution
		Debug|Any CPU = Debug|Any CPU
		Release|Any CPU = Release|Any CPU
	EndGlobalSection
	GlobalSection(ProjectConfigurationPlatforms) = postSolution
		{662D4615-D144-46E4-A2A8-8BD5E7B3A64E}.Debug|Any CPU.ActiveCfg = Debug|Any CPU
		{662D4615-D144-46E4-A2A8-8BD5E7B3A64E}.Debug|Any CPU.Build.0 = Debug|Any CPU
		{662D4615-D144-46E4-A2A8-8BD5E7B3A64E}.Release|Any CPU.ActiveCfg = Release|Any CPU
		{662D4615-D144-46E4-A2A8-8BD5E7B3A64E}.Release|Any CPU.Build.0 = Release|Any CPU
		{695FFC34-94CB-4E52-9DFE-D8E8C1AD2BC9}.Debug|Any CPU.ActiveCfg = Debug|Any CPU
		{695FFC34-94CB-4E52-9DFE-D8E8C1AD2BC9}.Debug|Any CPU.Build.0 = Debug|Any CPU
		{695FFC34-94CB-4E52-9DFE-D8E8C1AD2BC9}.Release|Any CPU.ActiveCfg = Release|Any CPU
		{695FFC34-94CB-4E52-9DFE-D8E8C1AD2BC9}.Release|Any CPU.Build.0 = Release|Any CPU
		{3448C9AA-E9AE-42F3-B1AC-50A4EFD05804}.Debug|Any CPU.ActiveCfg = Debug|Any CPU
		{3448C9AA-E9AE-42F3-B1AC-50A4EFD05804}.Debug|Any CPU.Build.0 = Debug|Any CPU
		{3448C9AA-E9AE-42F3-B1AC-50A4EFD05804}.Release|Any CPU.ActiveCfg = Release|Any CPU
		{3448C9AA-E9AE-42F3-B1AC-50A4EFD05804}.Release|Any CPU.Build.0 = Release|Any CPU
		{DD42526C-1A6B-4881-8094-BFBB8CE98EDC}.Debug|Any CPU.ActiveCfg = Debug|Any CPU
		{DD42526C-1A6B-4881-8094-BFBB8CE98EDC}.Debug|Any CPU.Build.0 = Debug|Any CPU
		{DD42526C-1A6B-4881-8094-BFBB8CE98EDC}.Release|Any CPU.ActiveCfg = Release|Any CPU
		{DD42526C-1A6B-4881-8094-BFBB8CE98EDC}.Release|Any CPU.Build.0 = Release|Any CPU
		{ED0EB905-3FA9-4506-B6F1-57790F7054B5}.Debug|Any CPU.ActiveCfg = Debug|Any CPU
		{ED0EB905-3FA9-4506-B6F1-57790F7054B5}.Debug|Any CPU.Build.0 = Debug|Any CPU
		{ED0EB905-3FA9-4506-B6F1-57790F7054B5}.Release|Any CPU.ActiveCfg = Release|Any CPU
		{ED0EB905-3FA9-4506-B6F1-57790F7054B5}.Release|Any CPU.Build.0 = Release|Any CPU
		{AC2F39A6-3D55-4B13-BCEA-875213DF6A5B}.Debug|Any CPU.ActiveCfg = Debug|Any CPU
		{AC2F39A6-3D55-4B13-BCEA-875213DF6A5B}.Debug|Any CPU.Build.0 = Debug|Any CPU
		{AC2F39A6-3D55-4B13-BCEA-875213DF6A5B}.Release|Any CPU.ActiveCfg = Release|Any CPU
		{AC2F39A6-3D55-4B13-BCEA-875213DF6A5B}.Release|Any CPU.Build.0 = Release|Any CPU
		{9970EE01-9644-422B-9FF9-FF7A32E75EED}.Debug|Any CPU.ActiveCfg = Debug|Any CPU
		{9970EE01-9644-422B-9FF9-FF7A32E75EED}.Debug|Any CPU.Build.0 = Debug|Any CPU
		{9970EE01-9644-422B-9FF9-FF7A32E75EED}.Release|Any CPU.ActiveCfg = Release|Any CPU
		{9970EE01-9644-422B-9FF9-FF7A32E75EED}.Release|Any CPU.Build.0 = Release|Any CPU
		{00A98D6B-D0A8-4661-A402-9567C7C06F7B}.Debug|Any CPU.ActiveCfg = Debug|Any CPU
		{00A98D6B-D0A8-4661-A402-9567C7C06F7B}.Debug|Any CPU.Build.0 = Debug|Any CPU
		{00A98D6B-D0A8-4661-A402-9567C7C06F7B}.Release|Any CPU.ActiveCfg = Release|Any CPU
		{00A98D6B-D0A8-4661-A402-9567C7C06F7B}.Release|Any CPU.Build.0 = Release|Any CPU
		{8E9F0169-FEC7-4EB4-9DDB-3808AA740301}.Debug|Any CPU.ActiveCfg = Debug|Any CPU
		{8E9F0169-FEC7-4EB4-9DDB-3808AA740301}.Debug|Any CPU.Build.0 = Debug|Any CPU
		{8E9F0169-FEC7-4EB4-9DDB-3808AA740301}.Release|Any CPU.ActiveCfg = Release|Any CPU
		{8E9F0169-FEC7-4EB4-9DDB-3808AA740301}.Release|Any CPU.Build.0 = Release|Any CPU
		{0CCCC23D-2522-4A40-8E2C-E837461A9BCB}.Debug|Any CPU.ActiveCfg = Debug|Any CPU
		{0CCCC23D-2522-4A40-8E2C-E837461A9BCB}.Debug|Any CPU.Build.0 = Debug|Any CPU
		{0CCCC23D-2522-4A40-8E2C-E837461A9BCB}.Debug|Any CPU.Deploy.0 = Debug|Any CPU
		{0CCCC23D-2522-4A40-8E2C-E837461A9BCB}.Release|Any CPU.ActiveCfg = Release|Any CPU
		{0CCCC23D-2522-4A40-8E2C-E837461A9BCB}.Release|Any CPU.Build.0 = Release|Any CPU
		{0CCCC23D-2522-4A40-8E2C-E837461A9BCB}.Release|Any CPU.Deploy.0 = Release|Any CPU
	EndGlobalSection
	GlobalSection(SolutionProperties) = preSolution
		HideSolutionNode = FALSE
	EndGlobalSection
	GlobalSection(NestedProjects) = preSolution
		{662D4615-D144-46E4-A2A8-8BD5E7B3A64E} = {5C65571C-5FDC-44B6-9389-D7D7582B9230}
		{695FFC34-94CB-4E52-9DFE-D8E8C1AD2BC9} = {5C65571C-5FDC-44B6-9389-D7D7582B9230}
		{3448C9AA-E9AE-42F3-B1AC-50A4EFD05804} = {5C65571C-5FDC-44B6-9389-D7D7582B9230}
		{DD42526C-1A6B-4881-8094-BFBB8CE98EDC} = {5C65571C-5FDC-44B6-9389-D7D7582B9230}
		{ED0EB905-3FA9-4506-B6F1-57790F7054B5} = {5C65571C-5FDC-44B6-9389-D7D7582B9230}
		{AC2F39A6-3D55-4B13-BCEA-875213DF6A5B} = {B928B8C0-A689-482C-8A16-2757508D0FB1}
		{9970EE01-9644-422B-9FF9-FF7A32E75EED} = {B928B8C0-A689-482C-8A16-2757508D0FB1}
		{00A98D6B-D0A8-4661-A402-9567C7C06F7B} = {B928B8C0-A689-482C-8A16-2757508D0FB1}
		{8E9F0169-FEC7-4EB4-9DDB-3808AA740301} = {B928B8C0-A689-482C-8A16-2757508D0FB1}
		{0CCCC23D-2522-4A40-8E2C-E837461A9BCB} = {5C65571C-5FDC-44B6-9389-D7D7582B9230}
	EndGlobalSection
	GlobalSection(ExtensibilityGlobals) = postSolution
		SolutionGuid = {964CF4BD-5A09-419C-81E7-C05D195881CC}
	EndGlobalSection
EndGlobal
